// !$*UTF8*$!
{
	archiveVersion = 1;
	classes = {
	};
	objectVersion = 55;
	objects = {

/* Begin PBXBuildFile section */
		4E2F403B281976D800701868 /* AppDelegate.swift in Sources */ = {isa = PBXBuildFile; fileRef = 4E2F403A281976D800701868 /* AppDelegate.swift */; };
		4E2F403F281976D800701868 /* AppController.swift in Sources */ = {isa = PBXBuildFile; fileRef = 4E2F403E281976D800701868 /* AppController.swift */; };
		4E2F4044281976DA00701868 /* Assets.xcassets in Resources */ = {isa = PBXBuildFile; fileRef = 4E2F4043281976DA00701868 /* Assets.xcassets */; };
		4E2F4047281976DA00701868 /* LaunchScreen.storyboard in Resources */ = {isa = PBXBuildFile; fileRef = 4E2F4045281976DA00701868 /* LaunchScreen.storyboard */; };
		4E2F40552819860700701868 /* HomeRouter.swift in Sources */ = {isa = PBXBuildFile; fileRef = 4E2F40542819860700701868 /* HomeRouter.swift */; };
		4E2F40592819865700701868 /* HomeViewModel.swift in Sources */ = {isa = PBXBuildFile; fileRef = 4E2F40582819865600701868 /* HomeViewModel.swift */; };
		4E2F405B2819868900701868 /* HomeViewController.swift in Sources */ = {isa = PBXBuildFile; fileRef = 4E2F405A2819868800701868 /* HomeViewController.swift */; };
		4E7EFC88281B00EE0049F023 /* FavoriteStockButton.swift in Sources */ = {isa = PBXBuildFile; fileRef = 4E7EFC87281B00EE0049F023 /* FavoriteStockButton.swift */; };
		4E7EFC8C281B03770049F023 /* UIFont+.swift in Sources */ = {isa = PBXBuildFile; fileRef = 4E7EFC8B281B03770049F023 /* UIFont+.swift */; };
		4E7EFC8F281B06310049F023 /* UIControl+Rx.swift in Sources */ = {isa = PBXBuildFile; fileRef = 4E7EFC8E281B06310049F023 /* UIControl+Rx.swift */; };
		4E7EFC91281B1BE30049F023 /* UIColor+.swift in Sources */ = {isa = PBXBuildFile; fileRef = 4E7EFC90281B1BE30049F023 /* UIColor+.swift */; };
		4E7EFC94281B43EF0049F023 /* HomeContentView.swift in Sources */ = {isa = PBXBuildFile; fileRef = 4E7EFC93281B43EE0049F023 /* HomeContentView.swift */; };
		7732D452042F4AD934C46D95 /* Pods_stock_calculator_app.framework in Frameworks */ = {isa = PBXBuildFile; fileRef = 7F24898721BFCED4C2A583B2 /* Pods_stock_calculator_app.framework */; };
/* End PBXBuildFile section */

/* Begin PBXFileReference section */
		4E2F4037281976D800701868 /* stock-calculator-app.app */ = {isa = PBXFileReference; explicitFileType = wrapper.application; includeInIndex = 0; path = "stock-calculator-app.app"; sourceTree = BUILT_PRODUCTS_DIR; };
		4E2F403A281976D800701868 /* AppDelegate.swift */ = {isa = PBXFileReference; lastKnownFileType = sourcecode.swift; path = AppDelegate.swift; sourceTree = "<group>"; };
		4E2F403E281976D800701868 /* AppController.swift */ = {isa = PBXFileReference; lastKnownFileType = sourcecode.swift; path = AppController.swift; sourceTree = "<group>"; };
		4E2F4043281976DA00701868 /* Assets.xcassets */ = {isa = PBXFileReference; lastKnownFileType = folder.assetcatalog; path = Assets.xcassets; sourceTree = "<group>"; };
		4E2F4046281976DA00701868 /* Base */ = {isa = PBXFileReference; lastKnownFileType = file.storyboard; name = Base; path = Base.lproj/LaunchScreen.storyboard; sourceTree = "<group>"; };
		4E2F4048281976DA00701868 /* Info.plist */ = {isa = PBXFileReference; lastKnownFileType = text.plist.xml; path = Info.plist; sourceTree = "<group>"; };
		4E2F40542819860700701868 /* HomeRouter.swift */ = {isa = PBXFileReference; lastKnownFileType = sourcecode.swift; path = HomeRouter.swift; sourceTree = "<group>"; };
		4E2F40582819865600701868 /* HomeViewModel.swift */ = {isa = PBXFileReference; lastKnownFileType = sourcecode.swift; path = HomeViewModel.swift; sourceTree = "<group>"; };
		4E2F405A2819868800701868 /* HomeViewController.swift */ = {isa = PBXFileReference; lastKnownFileType = sourcecode.swift; path = HomeViewController.swift; sourceTree = "<group>"; };
		4E7EFC87281B00EE0049F023 /* FavoriteStockButton.swift */ = {isa = PBXFileReference; lastKnownFileType = sourcecode.swift; path = FavoriteStockButton.swift; sourceTree = "<group>"; };
		4E7EFC8B281B03770049F023 /* UIFont+.swift */ = {isa = PBXFileReference; lastKnownFileType = sourcecode.swift; path = "UIFont+.swift"; sourceTree = "<group>"; };
		4E7EFC8E281B06310049F023 /* UIControl+Rx.swift */ = {isa = PBXFileReference; lastKnownFileType = sourcecode.swift; path = "UIControl+Rx.swift"; sourceTree = "<group>"; };
		4E7EFC90281B1BE30049F023 /* UIColor+.swift */ = {isa = PBXFileReference; lastKnownFileType = sourcecode.swift; path = "UIColor+.swift"; sourceTree = "<group>"; };
		4E7EFC93281B43EE0049F023 /* HomeContentView.swift */ = {isa = PBXFileReference; lastKnownFileType = sourcecode.swift; path = HomeContentView.swift; sourceTree = "<group>"; };
		72CFF6570B7A7D3D17B273EA /* Pods-stock-calculator-app.release.xcconfig */ = {isa = PBXFileReference; includeInIndex = 1; lastKnownFileType = text.xcconfig; name = "Pods-stock-calculator-app.release.xcconfig"; path = "Target Support Files/Pods-stock-calculator-app/Pods-stock-calculator-app.release.xcconfig"; sourceTree = "<group>"; };
		7F24898721BFCED4C2A583B2 /* Pods_stock_calculator_app.framework */ = {isa = PBXFileReference; explicitFileType = wrapper.framework; includeInIndex = 0; path = Pods_stock_calculator_app.framework; sourceTree = BUILT_PRODUCTS_DIR; };
		86321A08BE6B4B5A8A27628E /* Pods-stock-calculator-app.debug.xcconfig */ = {isa = PBXFileReference; includeInIndex = 1; lastKnownFileType = text.xcconfig; name = "Pods-stock-calculator-app.debug.xcconfig"; path = "Target Support Files/Pods-stock-calculator-app/Pods-stock-calculator-app.debug.xcconfig"; sourceTree = "<group>"; };
/* End PBXFileReference section */

/* Begin PBXFrameworksBuildPhase section */
		4E2F4034281976D800701868 /* Frameworks */ = {
			isa = PBXFrameworksBuildPhase;
			buildActionMask = 2147483647;
			files = (
				7732D452042F4AD934C46D95 /* Pods_stock_calculator_app.framework in Frameworks */,
			);
			runOnlyForDeploymentPostprocessing = 0;
		};
/* End PBXFrameworksBuildPhase section */

/* Begin PBXGroup section */
		4E2F402E281976D800701868 = {
			isa = PBXGroup;
			children = (
				4E2F4039281976D800701868 /* stock-calculator-app */,
				4E2F4038281976D800701868 /* Products */,
				E7D19962131AA9EA6201CDC8 /* Pods */,
				BE49F5B87C96B3FF1A26B12E /* Frameworks */,
			);
			sourceTree = "<group>";
		};
		4E2F4038281976D800701868 /* Products */ = {
			isa = PBXGroup;
			children = (
				4E2F4037281976D800701868 /* stock-calculator-app.app */,
			);
			name = Products;
			sourceTree = "<group>";
		};
		4E2F4039281976D800701868 /* stock-calculator-app */ = {
			isa = PBXGroup;
			children = (
				4E2F404E2819777400701868 /* App */,
				4E2F404F2819826200701868 /* Common */,
				4E2F4051281984B700701868 /* Modules */,
				4E2F4052281984CA00701868 /* Resources */,
				4E2F4048281976DA00701868 /* Info.plist */,
			);
			path = "stock-calculator-app";
			sourceTree = "<group>";
		};
		4E2F404E2819777400701868 /* App */ = {
			isa = PBXGroup;
			children = (
				4E2F403A281976D800701868 /* AppDelegate.swift */,
				4E2F4045281976DA00701868 /* LaunchScreen.storyboard */,
			);
			path = App;
			sourceTree = "<group>";
		};
		4E2F404F2819826200701868 /* Common */ = {
			isa = PBXGroup;
			children = (
				4E2F40502819827B00701868 /* ViewControllers */,
				4E7EFC84281B004F0049F023 /* Buttons */,
				4E7EFC89281B01580049F023 /* Extensions */,
			);
			path = Common;
			sourceTree = "<group>";
		};
		4E2F40502819827B00701868 /* ViewControllers */ = {
			isa = PBXGroup;
			children = (
				4E2F403E281976D800701868 /* AppController.swift */,
			);
			path = ViewControllers;
			sourceTree = "<group>";
		};
		4E2F4051281984B700701868 /* Modules */ = {
			isa = PBXGroup;
			children = (
				4E2F4053281985F000701868 /* HomeScreen */,
			);
			path = Modules;
			sourceTree = "<group>";
		};
		4E2F4052281984CA00701868 /* Resources */ = {
			isa = PBXGroup;
			children = (
				4E2F4043281976DA00701868 /* Assets.xcassets */,
			);
			path = Resources;
			sourceTree = "<group>";
		};
		4E2F4053281985F000701868 /* HomeScreen */ = {
			isa = PBXGroup;
			children = (
				4E7EFC92281B43D60049F023 /* Views */,
				4E2F40542819860700701868 /* HomeRouter.swift */,
				4E2F40582819865600701868 /* HomeViewModel.swift */,
				4E2F405A2819868800701868 /* HomeViewController.swift */,
			);
			path = HomeScreen;
			sourceTree = "<group>";
		};
		4E7EFC84281B004F0049F023 /* Buttons */ = {
			isa = PBXGroup;
			children = (
				4E7EFC87281B00EE0049F023 /* FavoriteStockButton.swift */,
			);
			path = Buttons;
			sourceTree = "<group>";
		};
		4E7EFC89281B01580049F023 /* Extensions */ = {
			isa = PBXGroup;
			children = (
				4E7EFC8D281B06120049F023 /* Pods */,
				4E7EFC8A281B03240049F023 /* UIKit */,
			);
			path = Extensions;
			sourceTree = "<group>";
		};
		4E7EFC8A281B03240049F023 /* UIKit */ = {
			isa = PBXGroup;
			children = (
				4E7EFC8B281B03770049F023 /* UIFont+.swift */,
				4E7EFC90281B1BE30049F023 /* UIColor+.swift */,
			);
			path = UIKit;
			sourceTree = "<group>";
		};
		4E7EFC8D281B06120049F023 /* Pods */ = {
			isa = PBXGroup;
			children = (
				4E7EFC8E281B06310049F023 /* UIControl+Rx.swift */,
			);
			path = Pods;
			sourceTree = "<group>";
		};
		4E7EFC92281B43D60049F023 /* Views */ = {
			isa = PBXGroup;
			children = (
				4E7EFC93281B43EE0049F023 /* HomeContentView.swift */,
			);
			path = Views;
			sourceTree = "<group>";
		};
		BE49F5B87C96B3FF1A26B12E /* Frameworks */ = {
			isa = PBXGroup;
			children = (
				7F24898721BFCED4C2A583B2 /* Pods_stock_calculator_app.framework */,
			);
			name = Frameworks;
			sourceTree = "<group>";
		};
		E7D19962131AA9EA6201CDC8 /* Pods */ = {
			isa = PBXGroup;
			children = (
				86321A08BE6B4B5A8A27628E /* Pods-stock-calculator-app.debug.xcconfig */,
				72CFF6570B7A7D3D17B273EA /* Pods-stock-calculator-app.release.xcconfig */,
			);
			path = Pods;
			sourceTree = "<group>";
		};
/* End PBXGroup section */

/* Begin PBXNativeTarget section */
		4E2F4036281976D800701868 /* stock-calculator-app */ = {
			isa = PBXNativeTarget;
			buildConfigurationList = 4E2F404B281976DA00701868 /* Build configuration list for PBXNativeTarget "stock-calculator-app" */;
			buildPhases = (
				D6DE820146F1C5AF5D790849 /* [CP] Check Pods Manifest.lock */,
				4E2F4033281976D800701868 /* Sources */,
				4E2F4034281976D800701868 /* Frameworks */,
				4E2F4035281976D800701868 /* Resources */,
				EBD98ED36B7D304981211747 /* [CP] Embed Pods Frameworks */,
			);
			buildRules = (
			);
			dependencies = (
			);
			name = "stock-calculator-app";
			productName = "stock-calculator-app";
			productReference = 4E2F4037281976D800701868 /* stock-calculator-app.app */;
			productType = "com.apple.product-type.application";
		};
/* End PBXNativeTarget section */

/* Begin PBXProject section */
		4E2F402F281976D800701868 /* Project object */ = {
			isa = PBXProject;
			attributes = {
				BuildIndependentTargetsInParallel = 1;
				LastSwiftUpdateCheck = 1330;
				LastUpgradeCheck = 1330;
				TargetAttributes = {
					4E2F4036281976D800701868 = {
						CreatedOnToolsVersion = 13.3.1;
					};
				};
			};
			buildConfigurationList = 4E2F4032281976D800701868 /* Build configuration list for PBXProject "stock-calculator-app" */;
			compatibilityVersion = "Xcode 13.0";
			developmentRegion = en;
			hasScannedForEncodings = 0;
			knownRegions = (
				en,
				Base,
			);
			mainGroup = 4E2F402E281976D800701868;
			productRefGroup = 4E2F4038281976D800701868 /* Products */;
			projectDirPath = "";
			projectRoot = "";
			targets = (
				4E2F4036281976D800701868 /* stock-calculator-app */,
			);
		};
/* End PBXProject section */

/* Begin PBXResourcesBuildPhase section */
		4E2F4035281976D800701868 /* Resources */ = {
			isa = PBXResourcesBuildPhase;
			buildActionMask = 2147483647;
			files = (
				4E2F4047281976DA00701868 /* LaunchScreen.storyboard in Resources */,
				4E2F4044281976DA00701868 /* Assets.xcassets in Resources */,
			);
			runOnlyForDeploymentPostprocessing = 0;
		};
/* End PBXResourcesBuildPhase section */

/* Begin PBXShellScriptBuildPhase section */
		D6DE820146F1C5AF5D790849 /* [CP] Check Pods Manifest.lock */ = {
			isa = PBXShellScriptBuildPhase;
			buildActionMask = 2147483647;
			files = (
			);
			inputFileListPaths = (
			);
			inputPaths = (
				"${PODS_PODFILE_DIR_PATH}/Podfile.lock",
				"${PODS_ROOT}/Manifest.lock",
			);
			name = "[CP] Check Pods Manifest.lock";
			outputFileListPaths = (
			);
			outputPaths = (
				"$(DERIVED_FILE_DIR)/Pods-stock-calculator-app-checkManifestLockResult.txt",
			);
			runOnlyForDeploymentPostprocessing = 0;
			shellPath = /bin/sh;
			shellScript = "diff \"${PODS_PODFILE_DIR_PATH}/Podfile.lock\" \"${PODS_ROOT}/Manifest.lock\" > /dev/null\nif [ $? != 0 ] ; then\n    # print error to STDERR\n    echo \"error: The sandbox is not in sync with the Podfile.lock. Run 'pod install' or update your CocoaPods installation.\" >&2\n    exit 1\nfi\n# This output is used by Xcode 'outputs' to avoid re-running this script phase.\necho \"SUCCESS\" > \"${SCRIPT_OUTPUT_FILE_0}\"\n";
			showEnvVarsInLog = 0;
		};
		EBD98ED36B7D304981211747 /* [CP] Embed Pods Frameworks */ = {
			isa = PBXShellScriptBuildPhase;
			buildActionMask = 2147483647;
			files = (
			);
			inputFileListPaths = (
				"${PODS_ROOT}/Target Support Files/Pods-stock-calculator-app/Pods-stock-calculator-app-frameworks-${CONFIGURATION}-input-files.xcfilelist",
			);
			name = "[CP] Embed Pods Frameworks";
			outputFileListPaths = (
				"${PODS_ROOT}/Target Support Files/Pods-stock-calculator-app/Pods-stock-calculator-app-frameworks-${CONFIGURATION}-output-files.xcfilelist",
			);
			runOnlyForDeploymentPostprocessing = 0;
			shellPath = /bin/sh;
			shellScript = "\"${PODS_ROOT}/Target Support Files/Pods-stock-calculator-app/Pods-stock-calculator-app-frameworks.sh\"\n";
			showEnvVarsInLog = 0;
		};
/* End PBXShellScriptBuildPhase section */

/* Begin PBXSourcesBuildPhase section */
		4E2F4033281976D800701868 /* Sources */ = {
			isa = PBXSourcesBuildPhase;
			buildActionMask = 2147483647;
			files = (
				4E7EFC88281B00EE0049F023 /* FavoriteStockButton.swift in Sources */,
				4E7EFC8F281B06310049F023 /* UIControl+Rx.swift in Sources */,
				4E2F405B2819868900701868 /* HomeViewController.swift in Sources */,
				4E7EFC94281B43EF0049F023 /* HomeContentView.swift in Sources */,
				4E2F403F281976D800701868 /* AppController.swift in Sources */,
				4E7EFC8C281B03770049F023 /* UIFont+.swift in Sources */,
				4E2F40552819860700701868 /* HomeRouter.swift in Sources */,
				4E2F403B281976D800701868 /* AppDelegate.swift in Sources */,
				4E2F40592819865700701868 /* HomeViewModel.swift in Sources */,
				4E7EFC91281B1BE30049F023 /* UIColor+.swift in Sources */,
			);
			runOnlyForDeploymentPostprocessing = 0;
		};
/* End PBXSourcesBuildPhase section */

/* Begin PBXVariantGroup section */
		4E2F4045281976DA00701868 /* LaunchScreen.storyboard */ = {
			isa = PBXVariantGroup;
			children = (
				4E2F4046281976DA00701868 /* Base */,
			);
			name = LaunchScreen.storyboard;
			sourceTree = "<group>";
		};
/* End PBXVariantGroup section */

/* Begin XCBuildConfiguration section */
		4E2F4049281976DA00701868 /* Debug */ = {
			isa = XCBuildConfiguration;
			buildSettings = {
				ALWAYS_SEARCH_USER_PATHS = NO;
				CLANG_ANALYZER_NONNULL = YES;
				CLANG_ANALYZER_NUMBER_OBJECT_CONVERSION = YES_AGGRESSIVE;
				CLANG_CXX_LANGUAGE_STANDARD = "gnu++17";
				CLANG_ENABLE_MODULES = YES;
				CLANG_ENABLE_OBJC_ARC = YES;
				CLANG_ENABLE_OBJC_WEAK = YES;
				CLANG_WARN_BLOCK_CAPTURE_AUTORELEASING = YES;
				CLANG_WARN_BOOL_CONVERSION = YES;
				CLANG_WARN_COMMA = YES;
				CLANG_WARN_CONSTANT_CONVERSION = YES;
				CLANG_WARN_DEPRECATED_OBJC_IMPLEMENTATIONS = YES;
				CLANG_WARN_DIRECT_OBJC_ISA_USAGE = YES_ERROR;
				CLANG_WARN_DOCUMENTATION_COMMENTS = YES;
				CLANG_WARN_EMPTY_BODY = YES;
				CLANG_WARN_ENUM_CONVERSION = YES;
				CLANG_WARN_INFINITE_RECURSION = YES;
				CLANG_WARN_INT_CONVERSION = YES;
				CLANG_WARN_NON_LITERAL_NULL_CONVERSION = YES;
				CLANG_WARN_OBJC_IMPLICIT_RETAIN_SELF = YES;
				CLANG_WARN_OBJC_LITERAL_CONVERSION = YES;
				CLANG_WARN_OBJC_ROOT_CLASS = YES_ERROR;
				CLANG_WARN_QUOTED_INCLUDE_IN_FRAMEWORK_HEADER = YES;
				CLANG_WARN_RANGE_LOOP_ANALYSIS = YES;
				CLANG_WARN_STRICT_PROTOTYPES = YES;
				CLANG_WARN_SUSPICIOUS_MOVE = YES;
				CLANG_WARN_UNGUARDED_AVAILABILITY = YES_AGGRESSIVE;
				CLANG_WARN_UNREACHABLE_CODE = YES;
				CLANG_WARN__DUPLICATE_METHOD_MATCH = YES;
				COPY_PHASE_STRIP = NO;
				DEBUG_INFORMATION_FORMAT = dwarf;
				ENABLE_STRICT_OBJC_MSGSEND = YES;
				ENABLE_TESTABILITY = YES;
				GCC_C_LANGUAGE_STANDARD = gnu11;
				GCC_DYNAMIC_NO_PIC = NO;
				GCC_NO_COMMON_BLOCKS = YES;
				GCC_OPTIMIZATION_LEVEL = 0;
				GCC_PREPROCESSOR_DEFINITIONS = (
					"DEBUG=1",
					"$(inherited)",
				);
				GCC_WARN_64_TO_32_BIT_CONVERSION = YES;
				GCC_WARN_ABOUT_RETURN_TYPE = YES_ERROR;
				GCC_WARN_UNDECLARED_SELECTOR = YES;
				GCC_WARN_UNINITIALIZED_AUTOS = YES_AGGRESSIVE;
				GCC_WARN_UNUSED_FUNCTION = YES;
				GCC_WARN_UNUSED_VARIABLE = YES;
				IPHONEOS_DEPLOYMENT_TARGET = 14.0;
				MTL_ENABLE_DEBUG_INFO = INCLUDE_SOURCE;
				MTL_FAST_MATH = YES;
				ONLY_ACTIVE_ARCH = YES;
				SDKROOT = iphoneos;
				SWIFT_ACTIVE_COMPILATION_CONDITIONS = DEBUG;
				SWIFT_OPTIMIZATION_LEVEL = "-Onone";
			};
			name = Debug;
		};
		4E2F404A281976DA00701868 /* Release */ = {
			isa = XCBuildConfiguration;
			buildSettings = {
				ALWAYS_SEARCH_USER_PATHS = NO;
				CLANG_ANALYZER_NONNULL = YES;
				CLANG_ANALYZER_NUMBER_OBJECT_CONVERSION = YES_AGGRESSIVE;
				CLANG_CXX_LANGUAGE_STANDARD = "gnu++17";
				CLANG_ENABLE_MODULES = YES;
				CLANG_ENABLE_OBJC_ARC = YES;
				CLANG_ENABLE_OBJC_WEAK = YES;
				CLANG_WARN_BLOCK_CAPTURE_AUTORELEASING = YES;
				CLANG_WARN_BOOL_CONVERSION = YES;
				CLANG_WARN_COMMA = YES;
				CLANG_WARN_CONSTANT_CONVERSION = YES;
				CLANG_WARN_DEPRECATED_OBJC_IMPLEMENTATIONS = YES;
				CLANG_WARN_DIRECT_OBJC_ISA_USAGE = YES_ERROR;
				CLANG_WARN_DOCUMENTATION_COMMENTS = YES;
				CLANG_WARN_EMPTY_BODY = YES;
				CLANG_WARN_ENUM_CONVERSION = YES;
				CLANG_WARN_INFINITE_RECURSION = YES;
				CLANG_WARN_INT_CONVERSION = YES;
				CLANG_WARN_NON_LITERAL_NULL_CONVERSION = YES;
				CLANG_WARN_OBJC_IMPLICIT_RETAIN_SELF = YES;
				CLANG_WARN_OBJC_LITERAL_CONVERSION = YES;
				CLANG_WARN_OBJC_ROOT_CLASS = YES_ERROR;
				CLANG_WARN_QUOTED_INCLUDE_IN_FRAMEWORK_HEADER = YES;
				CLANG_WARN_RANGE_LOOP_ANALYSIS = YES;
				CLANG_WARN_STRICT_PROTOTYPES = YES;
				CLANG_WARN_SUSPICIOUS_MOVE = YES;
				CLANG_WARN_UNGUARDED_AVAILABILITY = YES_AGGRESSIVE;
				CLANG_WARN_UNREACHABLE_CODE = YES;
				CLANG_WARN__DUPLICATE_METHOD_MATCH = YES;
				COPY_PHASE_STRIP = NO;
				DEBUG_INFORMATION_FORMAT = "dwarf-with-dsym";
				ENABLE_NS_ASSERTIONS = NO;
				ENABLE_STRICT_OBJC_MSGSEND = YES;
				GCC_C_LANGUAGE_STANDARD = gnu11;
				GCC_NO_COMMON_BLOCKS = YES;
				GCC_WARN_64_TO_32_BIT_CONVERSION = YES;
				GCC_WARN_ABOUT_RETURN_TYPE = YES_ERROR;
				GCC_WARN_UNDECLARED_SELECTOR = YES;
				GCC_WARN_UNINITIALIZED_AUTOS = YES_AGGRESSIVE;
				GCC_WARN_UNUSED_FUNCTION = YES;
				GCC_WARN_UNUSED_VARIABLE = YES;
				IPHONEOS_DEPLOYMENT_TARGET = 14.0;
				MTL_ENABLE_DEBUG_INFO = NO;
				MTL_FAST_MATH = YES;
				SDKROOT = iphoneos;
				SWIFT_COMPILATION_MODE = wholemodule;
				SWIFT_OPTIMIZATION_LEVEL = "-O";
				VALIDATE_PRODUCT = YES;
			};
			name = Release;
		};
		4E2F404C281976DA00701868 /* Debug */ = {
			isa = XCBuildConfiguration;
			baseConfigurationReference = 86321A08BE6B4B5A8A27628E /* Pods-stock-calculator-app.debug.xcconfig */;
			buildSettings = {
				ASSETCATALOG_COMPILER_APPICON_NAME = AppIcon;
				ASSETCATALOG_COMPILER_GLOBAL_ACCENT_COLOR_NAME = AccentColor;
				CODE_SIGN_STYLE = Automatic;
				CURRENT_PROJECT_VERSION = 1;
				DEVELOPMENT_TEAM = WYJK63HTNL;
				GENERATE_INFOPLIST_FILE = YES;
				INFOPLIST_FILE = "stock-calculator-app/Info.plist";
				INFOPLIST_KEY_CFBundleDisplayName = "FH Stock Calculator";
				INFOPLIST_KEY_UIApplicationSupportsIndirectInputEvents = YES;
				INFOPLIST_KEY_UILaunchStoryboardName = LaunchScreen;
				INFOPLIST_KEY_UISupportedInterfaceOrientations = UIInterfaceOrientationPortrait;
				INFOPLIST_KEY_UISupportedInterfaceOrientations_iPad = "UIInterfaceOrientationPortrait UIInterfaceOrientationPortraitUpsideDown UIInterfaceOrientationLandscapeLeft UIInterfaceOrientationLandscapeRight";
				INFOPLIST_KEY_UISupportedInterfaceOrientations_iPhone = "UIInterfaceOrientationPortrait UIInterfaceOrientationLandscapeLeft UIInterfaceOrientationLandscapeRight";
				IPHONEOS_DEPLOYMENT_TARGET = 14.0;
				LD_RUNPATH_SEARCH_PATHS = (
					"$(inherited)",
					"@executable_path/Frameworks",
				);
				MARKETING_VERSION = 1.0;
				PRODUCT_BUNDLE_IDENTIFIER = "tech.mundus.filip.stock-calculator-app";
				PRODUCT_NAME = "$(TARGET_NAME)";
				SWIFT_EMIT_LOC_STRINGS = YES;
				SWIFT_VERSION = 5.0;
				TARGETED_DEVICE_FAMILY = "1,2";
			};
			name = Debug;
		};
		4E2F404D281976DA00701868 /* Release */ = {
			isa = XCBuildConfiguration;
			baseConfigurationReference = 72CFF6570B7A7D3D17B273EA /* Pods-stock-calculator-app.release.xcconfig */;
			buildSettings = {
				ASSETCATALOG_COMPILER_APPICON_NAME = AppIcon;
				ASSETCATALOG_COMPILER_GLOBAL_ACCENT_COLOR_NAME = AccentColor;
				CODE_SIGN_STYLE = Automatic;
				CURRENT_PROJECT_VERSION = 1;
				DEVELOPMENT_TEAM = WYJK63HTNL;
				GENERATE_INFOPLIST_FILE = YES;
				INFOPLIST_FILE = "stock-calculator-app/Info.plist";
				INFOPLIST_KEY_CFBundleDisplayName = "FH Stock Calculator";
				INFOPLIST_KEY_UIApplicationSupportsIndirectInputEvents = YES;
				INFOPLIST_KEY_UILaunchStoryboardName = LaunchScreen;
				INFOPLIST_KEY_UISupportedInterfaceOrientations = UIInterfaceOrientationPortrait;
				INFOPLIST_KEY_UISupportedInterfaceOrientations_iPad = "UIInterfaceOrientationPortrait UIInterfaceOrientationPortraitUpsideDown UIInterfaceOrientationLandscapeLeft UIInterfaceOrientationLandscapeRight";
				INFOPLIST_KEY_UISupportedInterfaceOrientations_iPhone = "UIInterfaceOrientationPortrait UIInterfaceOrientationLandscapeLeft UIInterfaceOrientationLandscapeRight";
				IPHONEOS_DEPLOYMENT_TARGET = 14.0;
				LD_RUNPATH_SEARCH_PATHS = (
					"$(inherited)",
					"@executable_path/Frameworks",
				);
				MARKETING_VERSION = 1.0;
				PRODUCT_BUNDLE_IDENTIFIER = "tech.mundus.filip.stock-calculator-app";
				PRODUCT_NAME = "$(TARGET_NAME)";
				SWIFT_EMIT_LOC_STRINGS = YES;
				SWIFT_VERSION = 5.0;
				TARGETED_DEVICE_FAMILY = "1,2";
			};
			name = Release;
		};
/* End XCBuildConfiguration section */

/* Begin XCConfigurationList section */
		4E2F4032281976D800701868 /* Build configuration list for PBXProject "stock-calculator-app" */ = {
			isa = XCConfigurationList;
			buildConfigurations = (
				4E2F4049281976DA00701868 /* Debug */,
				4E2F404A281976DA00701868 /* Release */,
			);
			defaultConfigurationIsVisible = 0;
			defaultConfigurationName = Release;
		};
		4E2F404B281976DA00701868 /* Build configuration list for PBXNativeTarget "stock-calculator-app" */ = {
			isa = XCConfigurationList;
			buildConfigurations = (
				4E2F404C281976DA00701868 /* Debug */,
				4E2F404D281976DA00701868 /* Release */,
			);
			defaultConfigurationIsVisible = 0;
			defaultConfigurationName = Release;
		};
/* End XCConfigurationList section */
	};
	rootObject = 4E2F402F281976D800701868 /* Project object */;
}
