// !$*UTF8*$!
{
	archiveVersion = 1;
	classes = {
	};
	objectVersion = 55;
	objects = {

/* Begin PBXBuildFile section */
		4E2F403B281976D800701868 /* AppDelegate.swift in Sources */ = {isa = PBXBuildFile; fileRef = 4E2F403A281976D800701868 /* AppDelegate.swift */; };
		4E2F403F281976D800701868 /* AppController.swift in Sources */ = {isa = PBXBuildFile; fileRef = 4E2F403E281976D800701868 /* AppController.swift */; };
		4E2F4044281976DA00701868 /* Assets.xcassets in Resources */ = {isa = PBXBuildFile; fileRef = 4E2F4043281976DA00701868 /* Assets.xcassets */; };
		4E2F4047281976DA00701868 /* LaunchScreen.storyboard in Resources */ = {isa = PBXBuildFile; fileRef = 4E2F4045281976DA00701868 /* LaunchScreen.storyboard */; };
		4E2F40552819860700701868 /* HomeRouter.swift in Sources */ = {isa = PBXBuildFile; fileRef = 4E2F40542819860700701868 /* HomeRouter.swift */; };
		4E2F40592819865700701868 /* HomeViewModel.swift in Sources */ = {isa = PBXBuildFile; fileRef = 4E2F40582819865600701868 /* HomeViewModel.swift */; };
		4E2F405B2819868900701868 /* HomeViewController.swift in Sources */ = {isa = PBXBuildFile; fileRef = 4E2F405A2819868800701868 /* HomeViewController.swift */; };
		4E6D482B2827F3CA009D99AE /* DatePickerInputView.swift in Sources */ = {isa = PBXBuildFile; fileRef = 4E6D482A2827F3CA009D99AE /* DatePickerInputView.swift */; };
		4E6D482D2827F3FD009D99AE /* DateForematter+.swift in Sources */ = {isa = PBXBuildFile; fileRef = 4E6D482C2827F3FD009D99AE /* DateForematter+.swift */; };
		4E6D48302827F43A009D99AE /* Constants.swift in Sources */ = {isa = PBXBuildFile; fileRef = 4E6D482F2827F43A009D99AE /* Constants.swift */; };
		4E6D483228280419009D99AE /* UIViewController+.swift in Sources */ = {isa = PBXBuildFile; fileRef = 4E6D483128280419009D99AE /* UIViewController+.swift */; };
		4E6D483428281064009D99AE /* Date+.swift in Sources */ = {isa = PBXBuildFile; fileRef = 4E6D483328281064009D99AE /* Date+.swift */; };
		4E7EFC88281B00EE0049F023 /* FavoriteStockButton.swift in Sources */ = {isa = PBXBuildFile; fileRef = 4E7EFC87281B00EE0049F023 /* FavoriteStockButton.swift */; };
		4E7EFC8C281B03770049F023 /* UIFont+.swift in Sources */ = {isa = PBXBuildFile; fileRef = 4E7EFC8B281B03770049F023 /* UIFont+.swift */; };
		4E7EFC8F281B06310049F023 /* UIControl+Rx.swift in Sources */ = {isa = PBXBuildFile; fileRef = 4E7EFC8E281B06310049F023 /* UIControl+Rx.swift */; };
		4E7EFC91281B1BE30049F023 /* UIColor+.swift in Sources */ = {isa = PBXBuildFile; fileRef = 4E7EFC90281B1BE30049F023 /* UIColor+.swift */; };
		4E7EFC94281B43EF0049F023 /* HomeContentView.swift in Sources */ = {isa = PBXBuildFile; fileRef = 4E7EFC93281B43EE0049F023 /* HomeContentView.swift */; };
		4E7EFC97281BEE720049F023 /* APIClient.swift in Sources */ = {isa = PBXBuildFile; fileRef = 4E7EFC96281BEE720049F023 /* APIClient.swift */; };
		4E7EFC99281BEE980049F023 /* APIRequest.swift in Sources */ = {isa = PBXBuildFile; fileRef = 4E7EFC98281BEE980049F023 /* APIRequest.swift */; };
		4E7EFC9B281BEED70049F023 /* Optional+.swift in Sources */ = {isa = PBXBuildFile; fileRef = 4E7EFC9A281BEED70049F023 /* Optional+.swift */; };
		4E7EFC9D281BEF0B0049F023 /* String+.swift in Sources */ = {isa = PBXBuildFile; fileRef = 4E7EFC9C281BEF0B0049F023 /* String+.swift */; };
		4E7EFC9F281BEF5D0049F023 /* URL+.swift in Sources */ = {isa = PBXBuildFile; fileRef = 4E7EFC9E281BEF5D0049F023 /* URL+.swift */; };
		4E7EFCA1281BEFA00049F023 /* Endpoint.swift in Sources */ = {isa = PBXBuildFile; fileRef = 4E7EFCA0281BEFA00049F023 /* Endpoint.swift */; };
		4E7EFCA3281BEFC90049F023 /* NetworkConstants.swift in Sources */ = {isa = PBXBuildFile; fileRef = 4E7EFCA2281BEFC90049F023 /* NetworkConstants.swift */; };
		4E7EFCA6281DB0B60049F023 /* Model.swift in Sources */ = {isa = PBXBuildFile; fileRef = 4E7EFCA5281DB0B60049F023 /* Model.swift */; };
		4E7EFCA8281DB0DB0049F023 /* ErrorResponse.swift in Sources */ = {isa = PBXBuildFile; fileRef = 4E7EFCA7281DB0DB0049F023 /* ErrorResponse.swift */; };
		4E7EFCAA281DB1890049F023 /* Data+.swift in Sources */ = {isa = PBXBuildFile; fileRef = 4E7EFCA9281DB1890049F023 /* Data+.swift */; };
		4E7EFCAC281DB7440049F023 /* ChartResponse.swift in Sources */ = {isa = PBXBuildFile; fileRef = 4E7EFCAB281DB7440049F023 /* ChartResponse.swift */; };
		4E7EFCAF281DB7DD0049F023 /* ChartService.swift in Sources */ = {isa = PBXBuildFile; fileRef = 4E7EFCAE281DB7DD0049F023 /* ChartService.swift */; };
		4E7EFCB2281DB8B90049F023 /* ChartRequest.swift in Sources */ = {isa = PBXBuildFile; fileRef = 4E7EFCB1281DB8B90049F023 /* ChartRequest.swift */; };
		4E7EFCB4281DBA110049F023 /* Int+.swift in Sources */ = {isa = PBXBuildFile; fileRef = 4E7EFCB3281DBA110049F023 /* Int+.swift */; };
		4E7EFCB6281DC20A0049F023 /* Encodable+.swift in Sources */ = {isa = PBXBuildFile; fileRef = 4E7EFCB5281DC2090049F023 /* Encodable+.swift */; };
		4E7EFCB9281EA03A0049F023 /* DetailsRouter.swift in Sources */ = {isa = PBXBuildFile; fileRef = 4E7EFCB8281EA03A0049F023 /* DetailsRouter.swift */; };
		4E7EFCBB281EA04B0049F023 /* DetailsViewModel.swift in Sources */ = {isa = PBXBuildFile; fileRef = 4E7EFCBA281EA04B0049F023 /* DetailsViewModel.swift */; };
		4E7EFCBD281EA0580049F023 /* DetailsViewController.swift in Sources */ = {isa = PBXBuildFile; fileRef = 4E7EFCBC281EA0580049F023 /* DetailsViewController.swift */; };
		4E7EFCC0281EA1560049F023 /* DetailsContext.swift in Sources */ = {isa = PBXBuildFile; fileRef = 4E7EFCBF281EA1560049F023 /* DetailsContext.swift */; };
		4E7EFCD6281EC2A20049F023 /* Montserrat-SemiBold.ttf in Resources */ = {isa = PBXBuildFile; fileRef = 4E7EFCC4281EC2A20049F023 /* Montserrat-SemiBold.ttf */; };
		4E7EFCD7281EC2A20049F023 /* Montserrat-Regular.ttf in Resources */ = {isa = PBXBuildFile; fileRef = 4E7EFCC5281EC2A20049F023 /* Montserrat-Regular.ttf */; };
		4E7EFCD8281EC2A20049F023 /* Montserrat-Bold.ttf in Resources */ = {isa = PBXBuildFile; fileRef = 4E7EFCC6281EC2A20049F023 /* Montserrat-Bold.ttf */; };
		4E7EFCDA281EC2A20049F023 /* Montserrat-UltraLight.ttf in Resources */ = {isa = PBXBuildFile; fileRef = 4E7EFCC8281EC2A20049F023 /* Montserrat-UltraLight.ttf */; };
		4E7EFCDB281EC2A20049F023 /* Montserrat-Black.ttf in Resources */ = {isa = PBXBuildFile; fileRef = 4E7EFCC9281EC2A20049F023 /* Montserrat-Black.ttf */; };
		4E7EFCDE281EC2A20049F023 /* Montserrat-Light.ttf in Resources */ = {isa = PBXBuildFile; fileRef = 4E7EFCCC281EC2A20049F023 /* Montserrat-Light.ttf */; };
		4E7EFCDF281EC2A20049F023 /* Montserrat-Medium.ttf in Resources */ = {isa = PBXBuildFile; fileRef = 4E7EFCCD281EC2A20049F023 /* Montserrat-Medium.ttf */; };
		4E7EFCE2281EC2A20049F023 /* Montserrat-Thin.ttf in Resources */ = {isa = PBXBuildFile; fileRef = 4E7EFCD0281EC2A20049F023 /* Montserrat-Thin.ttf */; };
		4E7EFCE9281EED610049F023 /* DetailsContentView.swift in Sources */ = {isa = PBXBuildFile; fileRef = 4E7EFCE8281EED610049F023 /* DetailsContentView.swift */; };
		4E7EFCEC281EFF490049F023 /* TextInputView.swift in Sources */ = {isa = PBXBuildFile; fileRef = 4E7EFCEB281EFF490049F023 /* TextInputView.swift */; };
		7732D452042F4AD934C46D95 /* Pods_stock_calculator_app.framework in Frameworks */ = {isa = PBXBuildFile; fileRef = 7F24898721BFCED4C2A583B2 /* Pods_stock_calculator_app.framework */; };
/* End PBXBuildFile section */

/* Begin PBXFileReference section */
		4E2F4037281976D800701868 /* stock-calculator-app.app */ = {isa = PBXFileReference; explicitFileType = wrapper.application; includeInIndex = 0; path = "stock-calculator-app.app"; sourceTree = BUILT_PRODUCTS_DIR; };
		4E2F403A281976D800701868 /* AppDelegate.swift */ = {isa = PBXFileReference; lastKnownFileType = sourcecode.swift; path = AppDelegate.swift; sourceTree = "<group>"; };
		4E2F403E281976D800701868 /* AppController.swift */ = {isa = PBXFileReference; lastKnownFileType = sourcecode.swift; path = AppController.swift; sourceTree = "<group>"; };
		4E2F4043281976DA00701868 /* Assets.xcassets */ = {isa = PBXFileReference; lastKnownFileType = folder.assetcatalog; path = Assets.xcassets; sourceTree = "<group>"; };
		4E2F4046281976DA00701868 /* Base */ = {isa = PBXFileReference; lastKnownFileType = file.storyboard; name = Base; path = Base.lproj/LaunchScreen.storyboard; sourceTree = "<group>"; };
		4E2F4048281976DA00701868 /* Info.plist */ = {isa = PBXFileReference; lastKnownFileType = text.plist.xml; path = Info.plist; sourceTree = "<group>"; };
		4E2F40542819860700701868 /* HomeRouter.swift */ = {isa = PBXFileReference; lastKnownFileType = sourcecode.swift; path = HomeRouter.swift; sourceTree = "<group>"; };
		4E2F40582819865600701868 /* HomeViewModel.swift */ = {isa = PBXFileReference; lastKnownFileType = sourcecode.swift; path = HomeViewModel.swift; sourceTree = "<group>"; };
		4E2F405A2819868800701868 /* HomeViewController.swift */ = {isa = PBXFileReference; lastKnownFileType = sourcecode.swift; path = HomeViewController.swift; sourceTree = "<group>"; };
		4E6D482A2827F3CA009D99AE /* DatePickerInputView.swift */ = {isa = PBXFileReference; lastKnownFileType = sourcecode.swift; path = DatePickerInputView.swift; sourceTree = "<group>"; };
		4E6D482C2827F3FD009D99AE /* DateForematter+.swift */ = {isa = PBXFileReference; lastKnownFileType = sourcecode.swift; path = "DateForematter+.swift"; sourceTree = "<group>"; };
		4E6D482F2827F43A009D99AE /* Constants.swift */ = {isa = PBXFileReference; lastKnownFileType = sourcecode.swift; path = Constants.swift; sourceTree = "<group>"; };
		4E6D483128280419009D99AE /* UIViewController+.swift */ = {isa = PBXFileReference; lastKnownFileType = sourcecode.swift; path = "UIViewController+.swift"; sourceTree = "<group>"; };
		4E6D483328281064009D99AE /* Date+.swift */ = {isa = PBXFileReference; lastKnownFileType = sourcecode.swift; path = "Date+.swift"; sourceTree = "<group>"; };
		4E7EFC87281B00EE0049F023 /* FavoriteStockButton.swift */ = {isa = PBXFileReference; lastKnownFileType = sourcecode.swift; path = FavoriteStockButton.swift; sourceTree = "<group>"; };
		4E7EFC8B281B03770049F023 /* UIFont+.swift */ = {isa = PBXFileReference; lastKnownFileType = sourcecode.swift; path = "UIFont+.swift"; sourceTree = "<group>"; };
		4E7EFC8E281B06310049F023 /* UIControl+Rx.swift */ = {isa = PBXFileReference; lastKnownFileType = sourcecode.swift; path = "UIControl+Rx.swift"; sourceTree = "<group>"; };
		4E7EFC90281B1BE30049F023 /* UIColor+.swift */ = {isa = PBXFileReference; lastKnownFileType = sourcecode.swift; path = "UIColor+.swift"; sourceTree = "<group>"; };
		4E7EFC93281B43EE0049F023 /* HomeContentView.swift */ = {isa = PBXFileReference; lastKnownFileType = sourcecode.swift; path = HomeContentView.swift; sourceTree = "<group>"; };
		4E7EFC96281BEE720049F023 /* APIClient.swift */ = {isa = PBXFileReference; lastKnownFileType = sourcecode.swift; path = APIClient.swift; sourceTree = "<group>"; };
		4E7EFC98281BEE980049F023 /* APIRequest.swift */ = {isa = PBXFileReference; lastKnownFileType = sourcecode.swift; path = APIRequest.swift; sourceTree = "<group>"; };
		4E7EFC9A281BEED70049F023 /* Optional+.swift */ = {isa = PBXFileReference; lastKnownFileType = sourcecode.swift; path = "Optional+.swift"; sourceTree = "<group>"; };
		4E7EFC9C281BEF0B0049F023 /* String+.swift */ = {isa = PBXFileReference; lastKnownFileType = sourcecode.swift; path = "String+.swift"; sourceTree = "<group>"; };
		4E7EFC9E281BEF5D0049F023 /* URL+.swift */ = {isa = PBXFileReference; lastKnownFileType = sourcecode.swift; path = "URL+.swift"; sourceTree = "<group>"; };
		4E7EFCA0281BEFA00049F023 /* Endpoint.swift */ = {isa = PBXFileReference; lastKnownFileType = sourcecode.swift; path = Endpoint.swift; sourceTree = "<group>"; };
		4E7EFCA2281BEFC90049F023 /* NetworkConstants.swift */ = {isa = PBXFileReference; lastKnownFileType = sourcecode.swift; path = NetworkConstants.swift; sourceTree = "<group>"; };
		4E7EFCA5281DB0B60049F023 /* Model.swift */ = {isa = PBXFileReference; lastKnownFileType = sourcecode.swift; path = Model.swift; sourceTree = "<group>"; };
		4E7EFCA7281DB0DB0049F023 /* ErrorResponse.swift */ = {isa = PBXFileReference; lastKnownFileType = sourcecode.swift; path = ErrorResponse.swift; sourceTree = "<group>"; };
		4E7EFCA9281DB1890049F023 /* Data+.swift */ = {isa = PBXFileReference; lastKnownFileType = sourcecode.swift; path = "Data+.swift"; sourceTree = "<group>"; };
		4E7EFCAB281DB7440049F023 /* ChartResponse.swift */ = {isa = PBXFileReference; lastKnownFileType = sourcecode.swift; path = ChartResponse.swift; sourceTree = "<group>"; };
		4E7EFCAE281DB7DD0049F023 /* ChartService.swift */ = {isa = PBXFileReference; lastKnownFileType = sourcecode.swift; path = ChartService.swift; sourceTree = "<group>"; };
		4E7EFCB1281DB8B90049F023 /* ChartRequest.swift */ = {isa = PBXFileReference; lastKnownFileType = sourcecode.swift; path = ChartRequest.swift; sourceTree = "<group>"; };
		4E7EFCB3281DBA110049F023 /* Int+.swift */ = {isa = PBXFileReference; lastKnownFileType = sourcecode.swift; path = "Int+.swift"; sourceTree = "<group>"; };
		4E7EFCB5281DC2090049F023 /* Encodable+.swift */ = {isa = PBXFileReference; lastKnownFileType = sourcecode.swift; path = "Encodable+.swift"; sourceTree = "<group>"; };
		4E7EFCB8281EA03A0049F023 /* DetailsRouter.swift */ = {isa = PBXFileReference; lastKnownFileType = sourcecode.swift; path = DetailsRouter.swift; sourceTree = "<group>"; };
		4E7EFCBA281EA04B0049F023 /* DetailsViewModel.swift */ = {isa = PBXFileReference; lastKnownFileType = sourcecode.swift; path = DetailsViewModel.swift; sourceTree = "<group>"; };
		4E7EFCBC281EA0580049F023 /* DetailsViewController.swift */ = {isa = PBXFileReference; lastKnownFileType = sourcecode.swift; path = DetailsViewController.swift; sourceTree = "<group>"; };
		4E7EFCBF281EA1560049F023 /* DetailsContext.swift */ = {isa = PBXFileReference; lastKnownFileType = sourcecode.swift; path = DetailsContext.swift; sourceTree = "<group>"; };
		4E7EFCC4281EC2A20049F023 /* Montserrat-SemiBold.ttf */ = {isa = PBXFileReference; lastKnownFileType = file; path = "Montserrat-SemiBold.ttf"; sourceTree = "<group>"; };
		4E7EFCC5281EC2A20049F023 /* Montserrat-Regular.ttf */ = {isa = PBXFileReference; lastKnownFileType = file; path = "Montserrat-Regular.ttf"; sourceTree = "<group>"; };
		4E7EFCC6281EC2A20049F023 /* Montserrat-Bold.ttf */ = {isa = PBXFileReference; lastKnownFileType = file; path = "Montserrat-Bold.ttf"; sourceTree = "<group>"; };
		4E7EFCC8281EC2A20049F023 /* Montserrat-UltraLight.ttf */ = {isa = PBXFileReference; lastKnownFileType = file; path = "Montserrat-UltraLight.ttf"; sourceTree = "<group>"; };
		4E7EFCC9281EC2A20049F023 /* Montserrat-Black.ttf */ = {isa = PBXFileReference; lastKnownFileType = file; path = "Montserrat-Black.ttf"; sourceTree = "<group>"; };
		4E7EFCCC281EC2A20049F023 /* Montserrat-Light.ttf */ = {isa = PBXFileReference; lastKnownFileType = file; path = "Montserrat-Light.ttf"; sourceTree = "<group>"; };
		4E7EFCCD281EC2A20049F023 /* Montserrat-Medium.ttf */ = {isa = PBXFileReference; lastKnownFileType = file; path = "Montserrat-Medium.ttf"; sourceTree = "<group>"; };
		4E7EFCD0281EC2A20049F023 /* Montserrat-Thin.ttf */ = {isa = PBXFileReference; lastKnownFileType = file; path = "Montserrat-Thin.ttf"; sourceTree = "<group>"; };
		4E7EFCE8281EED610049F023 /* DetailsContentView.swift */ = {isa = PBXFileReference; lastKnownFileType = sourcecode.swift; path = DetailsContentView.swift; sourceTree = "<group>"; };
		4E7EFCEB281EFF490049F023 /* TextInputView.swift */ = {isa = PBXFileReference; lastKnownFileType = sourcecode.swift; path = TextInputView.swift; sourceTree = "<group>"; };
		72CFF6570B7A7D3D17B273EA /* Pods-stock-calculator-app.release.xcconfig */ = {isa = PBXFileReference; includeInIndex = 1; lastKnownFileType = text.xcconfig; name = "Pods-stock-calculator-app.release.xcconfig"; path = "Target Support Files/Pods-stock-calculator-app/Pods-stock-calculator-app.release.xcconfig"; sourceTree = "<group>"; };
		7F24898721BFCED4C2A583B2 /* Pods_stock_calculator_app.framework */ = {isa = PBXFileReference; explicitFileType = wrapper.framework; includeInIndex = 0; path = Pods_stock_calculator_app.framework; sourceTree = BUILT_PRODUCTS_DIR; };
		86321A08BE6B4B5A8A27628E /* Pods-stock-calculator-app.debug.xcconfig */ = {isa = PBXFileReference; includeInIndex = 1; lastKnownFileType = text.xcconfig; name = "Pods-stock-calculator-app.debug.xcconfig"; path = "Target Support Files/Pods-stock-calculator-app/Pods-stock-calculator-app.debug.xcconfig"; sourceTree = "<group>"; };
/* End PBXFileReference section */

/* Begin PBXFrameworksBuildPhase section */
		4E2F4034281976D800701868 /* Frameworks */ = {
			isa = PBXFrameworksBuildPhase;
			buildActionMask = 2147483647;
			files = (
				7732D452042F4AD934C46D95 /* Pods_stock_calculator_app.framework in Frameworks */,
			);
			runOnlyForDeploymentPostprocessing = 0;
		};
/* End PBXFrameworksBuildPhase section */

/* Begin PBXGroup section */
		4E2F402E281976D800701868 = {
			isa = PBXGroup;
			children = (
				4E2F4039281976D800701868 /* stock-calculator-app */,
				4E2F4038281976D800701868 /* Products */,
				E7D19962131AA9EA6201CDC8 /* Pods */,
				BE49F5B87C96B3FF1A26B12E /* Frameworks */,
			);
			sourceTree = "<group>";
		};
		4E2F4038281976D800701868 /* Products */ = {
			isa = PBXGroup;
			children = (
				4E2F4037281976D800701868 /* stock-calculator-app.app */,
			);
			name = Products;
			sourceTree = "<group>";
		};
		4E2F4039281976D800701868 /* stock-calculator-app */ = {
			isa = PBXGroup;
			children = (
				4E2F404E2819777400701868 /* App */,
				4E2F404F2819826200701868 /* Common */,
				4E2F4051281984B700701868 /* Modules */,
				4E2F4052281984CA00701868 /* Resources */,
				4E2F4048281976DA00701868 /* Info.plist */,
			);
			path = "stock-calculator-app";
			sourceTree = "<group>";
		};
		4E2F404E2819777400701868 /* App */ = {
			isa = PBXGroup;
			children = (
				4E2F403A281976D800701868 /* AppDelegate.swift */,
				4E2F4045281976DA00701868 /* LaunchScreen.storyboard */,
			);
			path = App;
			sourceTree = "<group>";
		};
		4E2F404F2819826200701868 /* Common */ = {
			isa = PBXGroup;
			children = (
				4E6D482E2827F42F009D99AE /* Constants */,
				4E7EFCEA281EFF340049F023 /* Views */,
				4E7EFC95281BEE640049F023 /* API */,
				4E2F40502819827B00701868 /* ViewControllers */,
				4E7EFC84281B004F0049F023 /* Buttons */,
				4E7EFC89281B01580049F023 /* Extensions */,
			);
			path = Common;
			sourceTree = "<group>";
		};
		4E2F40502819827B00701868 /* ViewControllers */ = {
			isa = PBXGroup;
			children = (
				4E2F403E281976D800701868 /* AppController.swift */,
			);
			path = ViewControllers;
			sourceTree = "<group>";
		};
		4E2F4051281984B700701868 /* Modules */ = {
			isa = PBXGroup;
			children = (
				4E2F4053281985F000701868 /* HomeScreen */,
				4E7EFCB7281EA0180049F023 /* DetailsScreen */,
			);
			path = Modules;
			sourceTree = "<group>";
		};
		4E2F4052281984CA00701868 /* Resources */ = {
			isa = PBXGroup;
			children = (
				4E7EFCC3281EC28B0049F023 /* Fonts */,
				4E2F4043281976DA00701868 /* Assets.xcassets */,
			);
			path = Resources;
			sourceTree = "<group>";
		};
		4E2F4053281985F000701868 /* HomeScreen */ = {
			isa = PBXGroup;
			children = (
				4E7EFC92281B43D60049F023 /* Views */,
				4E2F40542819860700701868 /* HomeRouter.swift */,
				4E2F40582819865600701868 /* HomeViewModel.swift */,
				4E2F405A2819868800701868 /* HomeViewController.swift */,
			);
			path = HomeScreen;
			sourceTree = "<group>";
		};
		4E6D482E2827F42F009D99AE /* Constants */ = {
			isa = PBXGroup;
			children = (
				4E6D482F2827F43A009D99AE /* Constants.swift */,
			);
			path = Constants;
			sourceTree = "<group>";
		};
		4E7EFC84281B004F0049F023 /* Buttons */ = {
			isa = PBXGroup;
			children = (
				4E7EFC87281B00EE0049F023 /* FavoriteStockButton.swift */,
			);
			path = Buttons;
			sourceTree = "<group>";
		};
		4E7EFC89281B01580049F023 /* Extensions */ = {
			isa = PBXGroup;
			children = (
				4E7EFC8D281B06120049F023 /* Pods */,
				4E7EFC8A281B03240049F023 /* UIKit */,
			);
			path = Extensions;
			sourceTree = "<group>";
		};
		4E7EFC8A281B03240049F023 /* UIKit */ = {
			isa = PBXGroup;
			children = (
				4E7EFC8B281B03770049F023 /* UIFont+.swift */,
				4E7EFC90281B1BE30049F023 /* UIColor+.swift */,
				4E7EFC9A281BEED70049F023 /* Optional+.swift */,
				4E7EFC9C281BEF0B0049F023 /* String+.swift */,
				4E7EFC9E281BEF5D0049F023 /* URL+.swift */,
				4E7EFCA9281DB1890049F023 /* Data+.swift */,
				4E7EFCB3281DBA110049F023 /* Int+.swift */,
				4E7EFCB5281DC2090049F023 /* Encodable+.swift */,
				4E6D482C2827F3FD009D99AE /* DateForematter+.swift */,
				4E6D483128280419009D99AE /* UIViewController+.swift */,
				4E6D483328281064009D99AE /* Date+.swift */,
			);
			path = UIKit;
			sourceTree = "<group>";
		};
		4E7EFC8D281B06120049F023 /* Pods */ = {
			isa = PBXGroup;
			children = (
				4E7EFC8E281B06310049F023 /* UIControl+Rx.swift */,
			);
			path = Pods;
			sourceTree = "<group>";
		};
		4E7EFC92281B43D60049F023 /* Views */ = {
			isa = PBXGroup;
			children = (
				4E7EFC93281B43EE0049F023 /* HomeContentView.swift */,
			);
			path = Views;
			sourceTree = "<group>";
		};
		4E7EFC95281BEE640049F023 /* API */ = {
			isa = PBXGroup;
			children = (
				4E7EFCB0281DB8950049F023 /* Requests */,
				4E7EFCA4281DB0A10049F023 /* Models */,
				4E7EFCAD281DB7AE0049F023 /* Services */,
				4E7EFC96281BEE720049F023 /* APIClient.swift */,
				4E7EFC98281BEE980049F023 /* APIRequest.swift */,
				4E7EFCA0281BEFA00049F023 /* Endpoint.swift */,
				4E7EFCA2281BEFC90049F023 /* NetworkConstants.swift */,
			);
			path = API;
			sourceTree = "<group>";
		};
		4E7EFCA4281DB0A10049F023 /* Models */ = {
			isa = PBXGroup;
			children = (
				4E7EFCA5281DB0B60049F023 /* Model.swift */,
				4E7EFCA7281DB0DB0049F023 /* ErrorResponse.swift */,
				4E7EFCAB281DB7440049F023 /* ChartResponse.swift */,
			);
			path = Models;
			sourceTree = "<group>";
		};
		4E7EFCAD281DB7AE0049F023 /* Services */ = {
			isa = PBXGroup;
			children = (
				4E7EFCAE281DB7DD0049F023 /* ChartService.swift */,
			);
			path = Services;
			sourceTree = "<group>";
		};
		4E7EFCB0281DB8950049F023 /* Requests */ = {
			isa = PBXGroup;
			children = (
				4E7EFCB1281DB8B90049F023 /* ChartRequest.swift */,
			);
			path = Requests;
			sourceTree = "<group>";
		};
		4E7EFCB7281EA0180049F023 /* DetailsScreen */ = {
			isa = PBXGroup;
			children = (
				4E7EFCBE281EA0620049F023 /* Views */,
				4E7EFCB8281EA03A0049F023 /* DetailsRouter.swift */,
				4E7EFCBA281EA04B0049F023 /* DetailsViewModel.swift */,
				4E7EFCBC281EA0580049F023 /* DetailsViewController.swift */,
				4E7EFCBF281EA1560049F023 /* DetailsContext.swift */,
			);
			path = DetailsScreen;
			sourceTree = "<group>";
		};
		4E7EFCBE281EA0620049F023 /* Views */ = {
			isa = PBXGroup;
			children = (
				4E7EFCE8281EED610049F023 /* DetailsContentView.swift */,
			);
			path = Views;
			sourceTree = "<group>";
		};
		4E7EFCC3281EC28B0049F023 /* Fonts */ = {
			isa = PBXGroup;
			children = (
				4E7EFCC9281EC2A20049F023 /* Montserrat-Black.ttf */,
				4E7EFCC6281EC2A20049F023 /* Montserrat-Bold.ttf */,
				4E7EFCC8281EC2A20049F023 /* Montserrat-UltraLight.ttf */,
				4E7EFCCC281EC2A20049F023 /* Montserrat-Light.ttf */,
				4E7EFCCD281EC2A20049F023 /* Montserrat-Medium.ttf */,
				4E7EFCC5281EC2A20049F023 /* Montserrat-Regular.ttf */,
				4E7EFCC4281EC2A20049F023 /* Montserrat-SemiBold.ttf */,
				4E7EFCD0281EC2A20049F023 /* Montserrat-Thin.ttf */,
			);
			path = Fonts;
			sourceTree = "<group>";
		};
		4E7EFCEA281EFF340049F023 /* Views */ = {
			isa = PBXGroup;
			children = (
				4E7EFCEB281EFF490049F023 /* TextInputView.swift */,
				4E6D482A2827F3CA009D99AE /* DatePickerInputView.swift */,
			);
			path = Views;
			sourceTree = "<group>";
		};
		BE49F5B87C96B3FF1A26B12E /* Frameworks */ = {
			isa = PBXGroup;
			children = (
				7F24898721BFCED4C2A583B2 /* Pods_stock_calculator_app.framework */,
			);
			name = Frameworks;
			sourceTree = "<group>";
		};
		E7D19962131AA9EA6201CDC8 /* Pods */ = {
			isa = PBXGroup;
			children = (
				86321A08BE6B4B5A8A27628E /* Pods-stock-calculator-app.debug.xcconfig */,
				72CFF6570B7A7D3D17B273EA /* Pods-stock-calculator-app.release.xcconfig */,
			);
			path = Pods;
			sourceTree = "<group>";
		};
/* End PBXGroup section */

/* Begin PBXNativeTarget section */
		4E2F4036281976D800701868 /* stock-calculator-app */ = {
			isa = PBXNativeTarget;
			buildConfigurationList = 4E2F404B281976DA00701868 /* Build configuration list for PBXNativeTarget "stock-calculator-app" */;
			buildPhases = (
				D6DE820146F1C5AF5D790849 /* [CP] Check Pods Manifest.lock */,
				4E2F4033281976D800701868 /* Sources */,
				4E2F4034281976D800701868 /* Frameworks */,
				4E2F4035281976D800701868 /* Resources */,
				EBD98ED36B7D304981211747 /* [CP] Embed Pods Frameworks */,
			);
			buildRules = (
			);
			dependencies = (
			);
			name = "stock-calculator-app";
			productName = "stock-calculator-app";
			productReference = 4E2F4037281976D800701868 /* stock-calculator-app.app */;
			productType = "com.apple.product-type.application";
		};
/* End PBXNativeTarget section */

/* Begin PBXProject section */
		4E2F402F281976D800701868 /* Project object */ = {
			isa = PBXProject;
			attributes = {
				BuildIndependentTargetsInParallel = 1;
				LastSwiftUpdateCheck = 1330;
				LastUpgradeCheck = 1330;
				TargetAttributes = {
					4E2F4036281976D800701868 = {
						CreatedOnToolsVersion = 13.3.1;
					};
				};
			};
			buildConfigurationList = 4E2F4032281976D800701868 /* Build configuration list for PBXProject "stock-calculator-app" */;
			compatibilityVersion = "Xcode 13.0";
			developmentRegion = en;
			hasScannedForEncodings = 0;
			knownRegions = (
				en,
				Base,
			);
			mainGroup = 4E2F402E281976D800701868;
			productRefGroup = 4E2F4038281976D800701868 /* Products */;
			projectDirPath = "";
			projectRoot = "";
			targets = (
				4E2F4036281976D800701868 /* stock-calculator-app */,
			);
		};
/* End PBXProject section */

/* Begin PBXResourcesBuildPhase section */
		4E2F4035281976D800701868 /* Resources */ = {
			isa = PBXResourcesBuildPhase;
			buildActionMask = 2147483647;
			files = (
				4E7EFCD8281EC2A20049F023 /* Montserrat-Bold.ttf in Resources */,
				4E7EFCDB281EC2A20049F023 /* Montserrat-Black.ttf in Resources */,
				4E7EFCD7281EC2A20049F023 /* Montserrat-Regular.ttf in Resources */,
				4E7EFCD6281EC2A20049F023 /* Montserrat-SemiBold.ttf in Resources */,
				4E7EFCDA281EC2A20049F023 /* Montserrat-UltraLight.ttf in Resources */,
				4E7EFCDE281EC2A20049F023 /* Montserrat-Light.ttf in Resources */,
				4E7EFCE2281EC2A20049F023 /* Montserrat-Thin.ttf in Resources */,
				4E2F4047281976DA00701868 /* LaunchScreen.storyboard in Resources */,
				4E7EFCDF281EC2A20049F023 /* Montserrat-Medium.ttf in Resources */,
				4E2F4044281976DA00701868 /* Assets.xcassets in Resources */,
			);
			runOnlyForDeploymentPostprocessing = 0;
		};
/* End PBXResourcesBuildPhase section */

/* Begin PBXShellScriptBuildPhase section */
		D6DE820146F1C5AF5D790849 /* [CP] Check Pods Manifest.lock */ = {
			isa = PBXShellScriptBuildPhase;
			buildActionMask = 2147483647;
			files = (
			);
			inputFileListPaths = (
			);
			inputPaths = (
				"${PODS_PODFILE_DIR_PATH}/Podfile.lock",
				"${PODS_ROOT}/Manifest.lock",
			);
			name = "[CP] Check Pods Manifest.lock";
			outputFileListPaths = (
			);
			outputPaths = (
				"$(DERIVED_FILE_DIR)/Pods-stock-calculator-app-checkManifestLockResult.txt",
			);
			runOnlyForDeploymentPostprocessing = 0;
			shellPath = /bin/sh;
			shellScript = "diff \"${PODS_PODFILE_DIR_PATH}/Podfile.lock\" \"${PODS_ROOT}/Manifest.lock\" > /dev/null\nif [ $? != 0 ] ; then\n    # print error to STDERR\n    echo \"error: The sandbox is not in sync with the Podfile.lock. Run 'pod install' or update your CocoaPods installation.\" >&2\n    exit 1\nfi\n# This output is used by Xcode 'outputs' to avoid re-running this script phase.\necho \"SUCCESS\" > \"${SCRIPT_OUTPUT_FILE_0}\"\n";
			showEnvVarsInLog = 0;
		};
		EBD98ED36B7D304981211747 /* [CP] Embed Pods Frameworks */ = {
			isa = PBXShellScriptBuildPhase;
			buildActionMask = 2147483647;
			files = (
			);
			inputFileListPaths = (
				"${PODS_ROOT}/Target Support Files/Pods-stock-calculator-app/Pods-stock-calculator-app-frameworks-${CONFIGURATION}-input-files.xcfilelist",
			);
			name = "[CP] Embed Pods Frameworks";
			outputFileListPaths = (
				"${PODS_ROOT}/Target Support Files/Pods-stock-calculator-app/Pods-stock-calculator-app-frameworks-${CONFIGURATION}-output-files.xcfilelist",
			);
			runOnlyForDeploymentPostprocessing = 0;
			shellPath = /bin/sh;
			shellScript = "\"${PODS_ROOT}/Target Support Files/Pods-stock-calculator-app/Pods-stock-calculator-app-frameworks.sh\"\n";
			showEnvVarsInLog = 0;
		};
/* End PBXShellScriptBuildPhase section */

/* Begin PBXSourcesBuildPhase section */
		4E2F4033281976D800701868 /* Sources */ = {
			isa = PBXSourcesBuildPhase;
			buildActionMask = 2147483647;
			files = (
				4E7EFC88281B00EE0049F023 /* FavoriteStockButton.swift in Sources */,
				4E6D48302827F43A009D99AE /* Constants.swift in Sources */,
				4E7EFCB2281DB8B90049F023 /* ChartRequest.swift in Sources */,
				4E7EFC8F281B06310049F023 /* UIControl+Rx.swift in Sources */,
				4E7EFCE9281EED610049F023 /* DetailsContentView.swift in Sources */,
				4E2F405B2819868900701868 /* HomeViewController.swift in Sources */,
				4E7EFC94281B43EF0049F023 /* HomeContentView.swift in Sources */,
				4E6D483228280419009D99AE /* UIViewController+.swift in Sources */,
				4E7EFCB9281EA03A0049F023 /* DetailsRouter.swift in Sources */,
				4E7EFCC0281EA1560049F023 /* DetailsContext.swift in Sources */,
				4E2F403F281976D800701868 /* AppController.swift in Sources */,
				4E7EFC97281BEE720049F023 /* APIClient.swift in Sources */,
				4E7EFCB6281DC20A0049F023 /* Encodable+.swift in Sources */,
				4E7EFC8C281B03770049F023 /* UIFont+.swift in Sources */,
				4E7EFCAA281DB1890049F023 /* Data+.swift in Sources */,
				4E7EFCBD281EA0580049F023 /* DetailsViewController.swift in Sources */,
				4E2F40552819860700701868 /* HomeRouter.swift in Sources */,
				4E2F403B281976D800701868 /* AppDelegate.swift in Sources */,
				4E7EFCB4281DBA110049F023 /* Int+.swift in Sources */,
				4E7EFCA6281DB0B60049F023 /* Model.swift in Sources */,
				4E2F40592819865700701868 /* HomeViewModel.swift in Sources */,
				4E7EFCA1281BEFA00049F023 /* Endpoint.swift in Sources */,
				4E7EFC9F281BEF5D0049F023 /* URL+.swift in Sources */,
				4E7EFCEC281EFF490049F023 /* TextInputView.swift in Sources */,
				4E7EFC99281BEE980049F023 /* APIRequest.swift in Sources */,
				4E7EFC91281B1BE30049F023 /* UIColor+.swift in Sources */,
				4E7EFC9D281BEF0B0049F023 /* String+.swift in Sources */,
				4E6D483428281064009D99AE /* Date+.swift in Sources */,
				4E7EFCAC281DB7440049F023 /* ChartResponse.swift in Sources */,
				4E7EFCAF281DB7DD0049F023 /* ChartService.swift in Sources */,
				4E6D482B2827F3CA009D99AE /* DatePickerInputView.swift in Sources */,
				4E7EFCA8281DB0DB0049F023 /* ErrorResponse.swift in Sources */,
				4E7EFCA3281BEFC90049F023 /* NetworkConstants.swift in Sources */,
				4E6D482D2827F3FD009D99AE /* DateForematter+.swift in Sources */,
				4E7EFC9B281BEED70049F023 /* Optional+.swift in Sources */,
				4E7EFCBB281EA04B0049F023 /* DetailsViewModel.swift in Sources */,
			);
			runOnlyForDeploymentPostprocessing = 0;
		};
/* End PBXSourcesBuildPhase section */

/* Begin PBXVariantGroup section */
		4E2F4045281976DA00701868 /* LaunchScreen.storyboard */ = {
			isa = PBXVariantGroup;
			children = (
				4E2F4046281976DA00701868 /* Base */,
			);
			name = LaunchScreen.storyboard;
			sourceTree = "<group>";
		};
/* End PBXVariantGroup section */

/* Begin XCBuildConfiguration section */
		4E2F4049281976DA00701868 /* Debug */ = {
			isa = XCBuildConfiguration;
			buildSettings = {
				ALWAYS_SEARCH_USER_PATHS = NO;
				CLANG_ANALYZER_NONNULL = YES;
				CLANG_ANALYZER_NUMBER_OBJECT_CONVERSION = YES_AGGRESSIVE;
				CLANG_CXX_LANGUAGE_STANDARD = "gnu++17";
				CLANG_ENABLE_MODULES = YES;
				CLANG_ENABLE_OBJC_ARC = YES;
				CLANG_ENABLE_OBJC_WEAK = YES;
				CLANG_WARN_BLOCK_CAPTURE_AUTORELEASING = YES;
				CLANG_WARN_BOOL_CONVERSION = YES;
				CLANG_WARN_COMMA = YES;
				CLANG_WARN_CONSTANT_CONVERSION = YES;
				CLANG_WARN_DEPRECATED_OBJC_IMPLEMENTATIONS = YES;
				CLANG_WARN_DIRECT_OBJC_ISA_USAGE = YES_ERROR;
				CLANG_WARN_DOCUMENTATION_COMMENTS = YES;
				CLANG_WARN_EMPTY_BODY = YES;
				CLANG_WARN_ENUM_CONVERSION = YES;
				CLANG_WARN_INFINITE_RECURSION = YES;
				CLANG_WARN_INT_CONVERSION = YES;
				CLANG_WARN_NON_LITERAL_NULL_CONVERSION = YES;
				CLANG_WARN_OBJC_IMPLICIT_RETAIN_SELF = YES;
				CLANG_WARN_OBJC_LITERAL_CONVERSION = YES;
				CLANG_WARN_OBJC_ROOT_CLASS = YES_ERROR;
				CLANG_WARN_QUOTED_INCLUDE_IN_FRAMEWORK_HEADER = YES;
				CLANG_WARN_RANGE_LOOP_ANALYSIS = YES;
				CLANG_WARN_STRICT_PROTOTYPES = YES;
				CLANG_WARN_SUSPICIOUS_MOVE = YES;
				CLANG_WARN_UNGUARDED_AVAILABILITY = YES_AGGRESSIVE;
				CLANG_WARN_UNREACHABLE_CODE = YES;
				CLANG_WARN__DUPLICATE_METHOD_MATCH = YES;
				COPY_PHASE_STRIP = NO;
				DEBUG_INFORMATION_FORMAT = dwarf;
				ENABLE_STRICT_OBJC_MSGSEND = YES;
				ENABLE_TESTABILITY = YES;
				GCC_C_LANGUAGE_STANDARD = gnu11;
				GCC_DYNAMIC_NO_PIC = NO;
				GCC_NO_COMMON_BLOCKS = YES;
				GCC_OPTIMIZATION_LEVEL = 0;
				GCC_PREPROCESSOR_DEFINITIONS = (
					"DEBUG=1",
					"$(inherited)",
				);
				GCC_WARN_64_TO_32_BIT_CONVERSION = YES;
				GCC_WARN_ABOUT_RETURN_TYPE = YES_ERROR;
				GCC_WARN_UNDECLARED_SELECTOR = YES;
				GCC_WARN_UNINITIALIZED_AUTOS = YES_AGGRESSIVE;
				GCC_WARN_UNUSED_FUNCTION = YES;
				GCC_WARN_UNUSED_VARIABLE = YES;
				IPHONEOS_DEPLOYMENT_TARGET = 14.0;
				MTL_ENABLE_DEBUG_INFO = INCLUDE_SOURCE;
				MTL_FAST_MATH = YES;
				ONLY_ACTIVE_ARCH = YES;
				SDKROOT = iphoneos;
				SWIFT_ACTIVE_COMPILATION_CONDITIONS = DEBUG;
				SWIFT_OPTIMIZATION_LEVEL = "-Onone";
			};
			name = Debug;
		};
		4E2F404A281976DA00701868 /* Release */ = {
			isa = XCBuildConfiguration;
			buildSettings = {
				ALWAYS_SEARCH_USER_PATHS = NO;
				CLANG_ANALYZER_NONNULL = YES;
				CLANG_ANALYZER_NUMBER_OBJECT_CONVERSION = YES_AGGRESSIVE;
				CLANG_CXX_LANGUAGE_STANDARD = "gnu++17";
				CLANG_ENABLE_MODULES = YES;
				CLANG_ENABLE_OBJC_ARC = YES;
				CLANG_ENABLE_OBJC_WEAK = YES;
				CLANG_WARN_BLOCK_CAPTURE_AUTORELEASING = YES;
				CLANG_WARN_BOOL_CONVERSION = YES;
				CLANG_WARN_COMMA = YES;
				CLANG_WARN_CONSTANT_CONVERSION = YES;
				CLANG_WARN_DEPRECATED_OBJC_IMPLEMENTATIONS = YES;
				CLANG_WARN_DIRECT_OBJC_ISA_USAGE = YES_ERROR;
				CLANG_WARN_DOCUMENTATION_COMMENTS = YES;
				CLANG_WARN_EMPTY_BODY = YES;
				CLANG_WARN_ENUM_CONVERSION = YES;
				CLANG_WARN_INFINITE_RECURSION = YES;
				CLANG_WARN_INT_CONVERSION = YES;
				CLANG_WARN_NON_LITERAL_NULL_CONVERSION = YES;
				CLANG_WARN_OBJC_IMPLICIT_RETAIN_SELF = YES;
				CLANG_WARN_OBJC_LITERAL_CONVERSION = YES;
				CLANG_WARN_OBJC_ROOT_CLASS = YES_ERROR;
				CLANG_WARN_QUOTED_INCLUDE_IN_FRAMEWORK_HEADER = YES;
				CLANG_WARN_RANGE_LOOP_ANALYSIS = YES;
				CLANG_WARN_STRICT_PROTOTYPES = YES;
				CLANG_WARN_SUSPICIOUS_MOVE = YES;
				CLANG_WARN_UNGUARDED_AVAILABILITY = YES_AGGRESSIVE;
				CLANG_WARN_UNREACHABLE_CODE = YES;
				CLANG_WARN__DUPLICATE_METHOD_MATCH = YES;
				COPY_PHASE_STRIP = NO;
				DEBUG_INFORMATION_FORMAT = "dwarf-with-dsym";
				ENABLE_NS_ASSERTIONS = NO;
				ENABLE_STRICT_OBJC_MSGSEND = YES;
				GCC_C_LANGUAGE_STANDARD = gnu11;
				GCC_NO_COMMON_BLOCKS = YES;
				GCC_WARN_64_TO_32_BIT_CONVERSION = YES;
				GCC_WARN_ABOUT_RETURN_TYPE = YES_ERROR;
				GCC_WARN_UNDECLARED_SELECTOR = YES;
				GCC_WARN_UNINITIALIZED_AUTOS = YES_AGGRESSIVE;
				GCC_WARN_UNUSED_FUNCTION = YES;
				GCC_WARN_UNUSED_VARIABLE = YES;
				IPHONEOS_DEPLOYMENT_TARGET = 14.0;
				MTL_ENABLE_DEBUG_INFO = NO;
				MTL_FAST_MATH = YES;
				SDKROOT = iphoneos;
				SWIFT_COMPILATION_MODE = wholemodule;
				SWIFT_OPTIMIZATION_LEVEL = "-O";
				VALIDATE_PRODUCT = YES;
			};
			name = Release;
		};
		4E2F404C281976DA00701868 /* Debug */ = {
			isa = XCBuildConfiguration;
			baseConfigurationReference = 86321A08BE6B4B5A8A27628E /* Pods-stock-calculator-app.debug.xcconfig */;
			buildSettings = {
				ASSETCATALOG_COMPILER_APPICON_NAME = AppIcon;
				ASSETCATALOG_COMPILER_GLOBAL_ACCENT_COLOR_NAME = AccentColor;
				CODE_SIGN_STYLE = Automatic;
				CURRENT_PROJECT_VERSION = 1;
				DEVELOPMENT_TEAM = WYJK63HTNL;
				GENERATE_INFOPLIST_FILE = YES;
				INFOPLIST_FILE = "stock-calculator-app/Info.plist";
				INFOPLIST_KEY_CFBundleDisplayName = "FH Stock Calculator";
				INFOPLIST_KEY_UIApplicationSupportsIndirectInputEvents = YES;
				INFOPLIST_KEY_UILaunchStoryboardName = LaunchScreen;
				INFOPLIST_KEY_UISupportedInterfaceOrientations = UIInterfaceOrientationPortrait;
				INFOPLIST_KEY_UISupportedInterfaceOrientations_iPad = "UIInterfaceOrientationPortrait UIInterfaceOrientationPortraitUpsideDown UIInterfaceOrientationLandscapeLeft UIInterfaceOrientationLandscapeRight";
				INFOPLIST_KEY_UISupportedInterfaceOrientations_iPhone = "UIInterfaceOrientationPortrait UIInterfaceOrientationLandscapeLeft UIInterfaceOrientationLandscapeRight";
				IPHONEOS_DEPLOYMENT_TARGET = 14.0;
				LD_RUNPATH_SEARCH_PATHS = (
					"$(inherited)",
					"@executable_path/Frameworks",
				);
				MARKETING_VERSION = 1.0;
				PRODUCT_BUNDLE_IDENTIFIER = "tech.mundus.filip.stock-calculator-app";
				PRODUCT_NAME = "$(TARGET_NAME)";
				SWIFT_EMIT_LOC_STRINGS = YES;
				SWIFT_VERSION = 5.0;
				TARGETED_DEVICE_FAMILY = "1,2";
			};
			name = Debug;
		};
		4E2F404D281976DA00701868 /* Release */ = {
			isa = XCBuildConfiguration;
			baseConfigurationReference = 72CFF6570B7A7D3D17B273EA /* Pods-stock-calculator-app.release.xcconfig */;
			buildSettings = {
				ASSETCATALOG_COMPILER_APPICON_NAME = AppIcon;
				ASSETCATALOG_COMPILER_GLOBAL_ACCENT_COLOR_NAME = AccentColor;
				CODE_SIGN_STYLE = Automatic;
				CURRENT_PROJECT_VERSION = 1;
				DEVELOPMENT_TEAM = WYJK63HTNL;
				GENERATE_INFOPLIST_FILE = YES;
				INFOPLIST_FILE = "stock-calculator-app/Info.plist";
				INFOPLIST_KEY_CFBundleDisplayName = "FH Stock Calculator";
				INFOPLIST_KEY_UIApplicationSupportsIndirectInputEvents = YES;
				INFOPLIST_KEY_UILaunchStoryboardName = LaunchScreen;
				INFOPLIST_KEY_UISupportedInterfaceOrientations = UIInterfaceOrientationPortrait;
				INFOPLIST_KEY_UISupportedInterfaceOrientations_iPad = "UIInterfaceOrientationPortrait UIInterfaceOrientationPortraitUpsideDown UIInterfaceOrientationLandscapeLeft UIInterfaceOrientationLandscapeRight";
				INFOPLIST_KEY_UISupportedInterfaceOrientations_iPhone = "UIInterfaceOrientationPortrait UIInterfaceOrientationLandscapeLeft UIInterfaceOrientationLandscapeRight";
				IPHONEOS_DEPLOYMENT_TARGET = 14.0;
				LD_RUNPATH_SEARCH_PATHS = (
					"$(inherited)",
					"@executable_path/Frameworks",
				);
				MARKETING_VERSION = 1.0;
				PRODUCT_BUNDLE_IDENTIFIER = "tech.mundus.filip.stock-calculator-app";
				PRODUCT_NAME = "$(TARGET_NAME)";
				SWIFT_EMIT_LOC_STRINGS = YES;
				SWIFT_VERSION = 5.0;
				TARGETED_DEVICE_FAMILY = "1,2";
			};
			name = Release;
		};
/* End XCBuildConfiguration section */

/* Begin XCConfigurationList section */
		4E2F4032281976D800701868 /* Build configuration list for PBXProject "stock-calculator-app" */ = {
			isa = XCConfigurationList;
			buildConfigurations = (
				4E2F4049281976DA00701868 /* Debug */,
				4E2F404A281976DA00701868 /* Release */,
			);
			defaultConfigurationIsVisible = 0;
			defaultConfigurationName = Release;
		};
		4E2F404B281976DA00701868 /* Build configuration list for PBXNativeTarget "stock-calculator-app" */ = {
			isa = XCConfigurationList;
			buildConfigurations = (
				4E2F404C281976DA00701868 /* Debug */,
				4E2F404D281976DA00701868 /* Release */,
			);
			defaultConfigurationIsVisible = 0;
			defaultConfigurationName = Release;
		};
/* End XCConfigurationList section */
	};
	rootObject = 4E2F402F281976D800701868 /* Project object */;
}
